
Microsoft Visual Studio Solution File, Format Version 12.00
# Visual Studio Version 17
VisualStudioVersion = 17.3.32804.467
MinimumVisualStudioVersion = 10.0.40219.1
Project("{8BC9CEB8-8B4A-11D0-8D11-00A0C91BC942}") = "NotepadPortable02", "NotepadPortable02.vcxproj", "{4D4319EA-9231-42A0-B600-2EC22D34241A}"
EndProject
Global
	GlobalSection(SolutionConfigurationPlatforms) = preSolution
		Debug|x64 = Debug|x64
		Debug|x86 = Debug|x86
		Release|x64 = Release|x64
		Release|x86 = Release|x86
	EndGlobalSection
	GlobalSection(ProjectConfigurationPlatforms) = postSolution
		{4D4319EA-9231-42A0-B600-2EC22D34241A}.Debug|x64.ActiveCfg = Debug|x64
		{4D4319EA-9231-42A0-B600-2EC22D34241A}.Debug|x64.Build.0 = Debug|x64
		{4D4319EA-9231-42A0-B600-2EC22D34241A}.Debug|x86.ActiveCfg = Debug|Win32
		{4D4319EA-9231-42A0-B600-2EC22D34241A}.Debug|x86.Build.0 = Debug|Win32
		{4D4319EA-9231-42A0-B600-2EC22D34241A}.Release|x64.ActiveCfg = Release|x64
		{4D4319EA-9231-42A0-B600-2EC22D34241A}.Release|x64.Build.0 = Release|x64
		{4D4319EA-9231-42A0-B600-2EC22D34241A}.Release|x86.ActiveCfg = Release|Win32
		{4D4319EA-9231-42A0-B600-2EC22D34241A}.Release|x86.Build.0 = Release|Win32
	EndGlobalSection
	GlobalSection(SolutionProperties) = preSolution
		HideSolutionNode = FALSE
	EndGlobalSection
	GlobalSection(ExtensibilityGlobals) = postSolution
		SolutionGuid = {70DB9D37-465E-4C70-94A9-1497F9F592B3}
	EndGlobalSection
EndGlobal
